
Microsoft Visual Studio Solution File, Format Version 12.00
# Visual Studio 15
VisualStudioVersion = 15.0.27004.2005
MinimumVisualStudioVersion = 10.0.40219.1
Project("{FAE04EC0-301F-11D3-BF4B-00C04F79EFBC}") = "Player", "Player\Player.csproj", "{FAF0048B-015B-4288-93A8-8FE5BA3211E0}"
EndProject
Project("{FAE04EC0-301F-11D3-BF4B-00C04F79EFBC}") = "Player.Tests", "Player.Tests\Player.Tests.csproj", "{A6990F7B-B90E-46EE-AE6A-5B8053A1D929}"
EndProject
Global
	GlobalSection(SolutionConfigurationPlatforms) = preSolution
		Debug|Any CPU = Debug|Any CPU
		Release|Any CPU = Release|Any CPU
	EndGlobalSection
	GlobalSection(ProjectConfigurationPlatforms) = postSolution
		{FAF0048B-015B-4288-93A8-8FE5BA3211E0}.Debug|Any CPU.ActiveCfg = Debug|Any CPU
		{FAF0048B-015B-4288-93A8-8FE5BA3211E0}.Debug|Any CPU.Build.0 = Debug|Any CPU
		{FAF0048B-015B-4288-93A8-8FE5BA3211E0}.Release|Any CPU.ActiveCfg = Release|Any CPU
		{FAF0048B-015B-4288-93A8-8FE5BA3211E0}.Release|Any CPU.Build.0 = Release|Any CPU
		{A6990F7B-B90E-46EE-AE6A-5B8053A1D929}.Debug|Any CPU.ActiveCfg = Debug|Any CPU
		{A6990F7B-B90E-46EE-AE6A-5B8053A1D929}.Debug|Any CPU.Build.0 = Debug|Any CPU
		{A6990F7B-B90E-46EE-AE6A-5B8053A1D929}.Release|Any CPU.ActiveCfg = Release|Any CPU
		{A6990F7B-B90E-46EE-AE6A-5B8053A1D929}.Release|Any CPU.Build.0 = Release|Any CPU
	EndGlobalSection
	GlobalSection(SolutionProperties) = preSolution
		HideSolutionNode = FALSE
	EndGlobalSection
	GlobalSection(ExtensibilityGlobals) = postSolution
		SolutionGuid = {0AA96D8E-CE50-4D1F-ADA4-1E967E9A7F59}
	EndGlobalSection
EndGlobal
